
Microsoft Visual Studio Solution File, Format Version 12.00
# Visual Studio Version 16
VisualStudioVersion = 16.0.32106.194
MinimumVisualStudioVersion = 10.0.40219.1
Project("{F184B08F-C81C-45F6-A57F-5ABD9991F28F}") = "ComicConvention", "ComicConvention.vbproj", "{6E0ACBA7-B045-421F-8F1C-46E35EE096FE}"
EndProject
Global
	GlobalSection(SolutionConfigurationPlatforms) = preSolution
		Debug|Any CPU = Debug|Any CPU
		Release|Any CPU = Release|Any CPU
	EndGlobalSection
	GlobalSection(ProjectConfigurationPlatforms) = postSolution
		{6E0ACBA7-B045-421F-8F1C-46E35EE096FE}.Debug|Any CPU.ActiveCfg = Debug|Any CPU
		{6E0ACBA7-B045-421F-8F1C-46E35EE096FE}.Debug|Any CPU.Build.0 = Debug|Any CPU
		{6E0ACBA7-B045-421F-8F1C-46E35EE096FE}.Release|Any CPU.ActiveCfg = Release|Any CPU
		{6E0ACBA7-B045-421F-8F1C-46E35EE096FE}.Release|Any CPU.Build.0 = Release|Any CPU
	EndGlobalSection
	GlobalSection(SolutionProperties) = preSolution
		HideSolutionNode = FALSE
	EndGlobalSection
	GlobalSection(ExtensibilityGlobals) = postSolution
		SolutionGuid = {3C9E6920-45F2-43C1-9E71-56C19EF84AAA}
	EndGlobalSection
EndGlobal
